// !$*UTF8*$!
{
	archiveVersion = 1;
	classes = {
	};
	objectVersion = 50;
	objects = {

/* Begin PBXBuildFile section */
		3C55B86020C57C7C00427D5E /* main.swift in Sources */ = {isa = PBXBuildFile; fileRef = 3C55B85F20C57C7C00427D5E /* main.swift */; };
		3C55B86920C57C9900427D5E /* Game.swift in Sources */ = {isa = PBXBuildFile; fileRef = 3C55B86820C57C9900427D5E /* Game.swift */; };
		3C55B86B20C57D0700427D5E /* Player.swift in Sources */ = {isa = PBXBuildFile; fileRef = 3C55B86A20C57D0700427D5E /* Player.swift */; };
		3C55B86D20C57D5800427D5E /* Die.swift in Sources */ = {isa = PBXBuildFile; fileRef = 3C55B86C20C57D5800427D5E /* Die.swift */; };
		3C55B86F20C57EF600427D5E /* Board.swift in Sources */ = {isa = PBXBuildFile; fileRef = 3C55B86E20C57EF600427D5E /* Board.swift */; };
		3C55B87120C57F0200427D5E /* Square.swift in Sources */ = {isa = PBXBuildFile; fileRef = 3C55B87020C57F0200427D5E /* Square.swift */; };
		3C55B87320C586F600427D5E /* Piece.swift in Sources */ = {isa = PBXBuildFile; fileRef = 3C55B87220C586F600427D5E /* Piece.swift */; };
		3C55B87520C58FE500427D5E /* PlayerQueue.swift in Sources */ = {isa = PBXBuildFile; fileRef = 3C55B87420C58FE500427D5E /* PlayerQueue.swift */; };
		3C55B87720C6596900427D5E /* GoSquare.swift in Sources */ = {isa = PBXBuildFile; fileRef = 3C55B87620C6596900427D5E /* GoSquare.swift */; };
		3CEADFB020D37AAD00B754AC /* IncomeTaxSquare.swift in Sources */ = {isa = PBXBuildFile; fileRef = 3CEADFAF20D37AAD00B754AC /* IncomeTaxSquare.swift */; };
		3CEADFB220D37B5100B754AC /* GoToJailSquare.swift in Sources */ = {isa = PBXBuildFile; fileRef = 3CEADFB120D37B5100B754AC /* GoToJailSquare.swift */; };
		3CEADFB420D37CAB00B754AC /* RegularSquare.swift in Sources */ = {isa = PBXBuildFile; fileRef = 3CEADFB320D37CAB00B754AC /* RegularSquare.swift */; };
		3CEADFB620D37F7D00B754AC /* JailSquare.swift in Sources */ = {isa = PBXBuildFile; fileRef = 3CEADFB520D37F7D00B754AC /* JailSquare.swift */; };
/* End PBXBuildFile section */

/* Begin PBXCopyFilesBuildPhase section */
		3C55B85A20C57C7C00427D5E /* CopyFiles */ = {
			isa = PBXCopyFilesBuildPhase;
			buildActionMask = 2147483647;
			dstPath = /usr/share/man/man1/;
			dstSubfolderSpec = 0;
			files = (
			);
			runOnlyForDeploymentPostprocessing = 1;
		};
/* End PBXCopyFilesBuildPhase section */

/* Begin PBXFileReference section */
		3C55B85C20C57C7C00427D5E /* Monopoly */ = {isa = PBXFileReference; explicitFileType = "compiled.mach-o.executable"; includeInIndex = 0; path = Monopoly; sourceTree = BUILT_PRODUCTS_DIR; };
		3C55B85F20C57C7C00427D5E /* main.swift */ = {isa = PBXFileReference; lastKnownFileType = sourcecode.swift; path = main.swift; sourceTree = "<group>"; };
		3C55B86820C57C9900427D5E /* Game.swift */ = {isa = PBXFileReference; lastKnownFileType = sourcecode.swift; path = Game.swift; sourceTree = "<group>"; };
		3C55B86A20C57D0700427D5E /* Player.swift */ = {isa = PBXFileReference; lastKnownFileType = sourcecode.swift; path = Player.swift; sourceTree = "<group>"; };
		3C55B86C20C57D5800427D5E /* Die.swift */ = {isa = PBXFileReference; lastKnownFileType = sourcecode.swift; path = Die.swift; sourceTree = "<group>"; };
		3C55B86E20C57EF600427D5E /* Board.swift */ = {isa = PBXFileReference; lastKnownFileType = sourcecode.swift; path = Board.swift; sourceTree = "<group>"; };
		3C55B87020C57F0200427D5E /* Square.swift */ = {isa = PBXFileReference; lastKnownFileType = sourcecode.swift; path = Square.swift; sourceTree = "<group>"; };
		3C55B87220C586F600427D5E /* Piece.swift */ = {isa = PBXFileReference; lastKnownFileType = sourcecode.swift; path = Piece.swift; sourceTree = "<group>"; };
		3C55B87420C58FE500427D5E /* PlayerQueue.swift */ = {isa = PBXFileReference; lastKnownFileType = sourcecode.swift; path = PlayerQueue.swift; sourceTree = "<group>"; };
		3C55B87620C6596900427D5E /* GoSquare.swift */ = {isa = PBXFileReference; lastKnownFileType = sourcecode.swift; path = GoSquare.swift; sourceTree = "<group>"; };
		3CEADFAF20D37AAD00B754AC /* IncomeTaxSquare.swift */ = {isa = PBXFileReference; lastKnownFileType = sourcecode.swift; path = IncomeTaxSquare.swift; sourceTree = "<group>"; };
		3CEADFB120D37B5100B754AC /* GoToJailSquare.swift */ = {isa = PBXFileReference; lastKnownFileType = sourcecode.swift; path = GoToJailSquare.swift; sourceTree = "<group>"; };
		3CEADFB320D37CAB00B754AC /* RegularSquare.swift */ = {isa = PBXFileReference; lastKnownFileType = sourcecode.swift; path = RegularSquare.swift; sourceTree = "<group>"; };
		3CEADFB520D37F7D00B754AC /* JailSquare.swift */ = {isa = PBXFileReference; lastKnownFileType = sourcecode.swift; path = JailSquare.swift; sourceTree = "<group>"; };
/* End PBXFileReference section */

/* Begin PBXFrameworksBuildPhase section */
		3C55B85920C57C7C00427D5E /* Frameworks */ = {
			isa = PBXFrameworksBuildPhase;
			buildActionMask = 2147483647;
			files = (
			);
			runOnlyForDeploymentPostprocessing = 0;
		};
/* End PBXFrameworksBuildPhase section */

/* Begin PBXGroup section */
		3C55B85320C57C7C00427D5E = {
			isa = PBXGroup;
			children = (
				3C55B85E20C57C7C00427D5E /* Monopoly */,
				3C55B85D20C57C7C00427D5E /* Products */,
			);
			sourceTree = "<group>";
		};
		3C55B85D20C57C7C00427D5E /* Products */ = {
			isa = PBXGroup;
			children = (
				3C55B85C20C57C7C00427D5E /* Monopoly */,
			);
			name = Products;
			sourceTree = "<group>";
		};
		3C55B85E20C57C7C00427D5E /* Monopoly */ = {
			isa = PBXGroup;
			children = (
				3C55B85F20C57C7C00427D5E /* main.swift */,
				3C55B86820C57C9900427D5E /* Game.swift */,
				3C55B86C20C57D5800427D5E /* Die.swift */,
				3C55B87420C58FE500427D5E /* PlayerQueue.swift */,
				3C55B86A20C57D0700427D5E /* Player.swift */,
				3C55B87220C586F600427D5E /* Piece.swift */,
				3C55B86E20C57EF600427D5E /* Board.swift */,
				3C55B87020C57F0200427D5E /* Square.swift */,
				3CEADFB520D37F7D00B754AC /* JailSquare.swift */,
				3C55B87620C6596900427D5E /* GoSquare.swift */,
				3CEADFAF20D37AAD00B754AC /* IncomeTaxSquare.swift */,
				3CEADFB120D37B5100B754AC /* GoToJailSquare.swift */,
				3CEADFB320D37CAB00B754AC /* RegularSquare.swift */,
			);
			path = Monopoly;
			sourceTree = "<group>";
		};
/* End PBXGroup section */

/* Begin PBXNativeTarget section */
		3C55B85B20C57C7C00427D5E /* Monopoly */ = {
			isa = PBXNativeTarget;
			buildConfigurationList = 3C55B86320C57C7C00427D5E /* Build configuration list for PBXNativeTarget "Monopoly" */;
			buildPhases = (
				3C55B85820C57C7C00427D5E /* Sources */,
				3C55B85920C57C7C00427D5E /* Frameworks */,
				3C55B85A20C57C7C00427D5E /* CopyFiles */,
			);
			buildRules = (
			);
			dependencies = (
			);
			name = Monopoly;
			productName = Monopoly;
			productReference = 3C55B85C20C57C7C00427D5E /* Monopoly */;
			productType = "com.apple.product-type.tool";
		};
/* End PBXNativeTarget section */

/* Begin PBXProject section */
		3C55B85420C57C7C00427D5E /* Project object */ = {
			isa = PBXProject;
			attributes = {
				LastSwiftUpdateCheck = 0930;
				LastUpgradeCheck = 0930;
				ORGANIZATIONNAME = Manely;
				TargetAttributes = {
					3C55B85B20C57C7C00427D5E = {
						CreatedOnToolsVersion = 9.3;
					};
				};
			};
			buildConfigurationList = 3C55B85720C57C7C00427D5E /* Build configuration list for PBXProject "Monopoly" */;
			compatibilityVersion = "Xcode 9.3";
			developmentRegion = en;
			hasScannedForEncodings = 0;
			knownRegions = (
				en,
			);
			mainGroup = 3C55B85320C57C7C00427D5E;
			productRefGroup = 3C55B85D20C57C7C00427D5E /* Products */;
			projectDirPath = "";
			projectRoot = "";
			targets = (
				3C55B85B20C57C7C00427D5E /* Monopoly */,
			);
		};
/* End PBXProject section */

/* Begin PBXSourcesBuildPhase section */
		3C55B85820C57C7C00427D5E /* Sources */ = {
			isa = PBXSourcesBuildPhase;
			buildActionMask = 2147483647;
			files = (
				3C55B87120C57F0200427D5E /* Square.swift in Sources */,
				3CEADFB020D37AAD00B754AC /* IncomeTaxSquare.swift in Sources */,
				3C55B87320C586F600427D5E /* Piece.swift in Sources */,
				3C55B86020C57C7C00427D5E /* main.swift in Sources */,
				3C55B87520C58FE500427D5E /* PlayerQueue.swift in Sources */,
				3CEADFB420D37CAB00B754AC /* RegularSquare.swift in Sources */,
				3C55B86B20C57D0700427D5E /* Player.swift in Sources */,
				3C55B86F20C57EF600427D5E /* Board.swift in Sources */,
				3CEADFB220D37B5100B754AC /* GoToJailSquare.swift in Sources */,
				3C55B86D20C57D5800427D5E /* Die.swift in Sources */,
				3C55B86920C57C9900427D5E /* Game.swift in Sources */,
				3C55B87720C6596900427D5E /* GoSquare.swift in Sources */,
				3CEADFB620D37F7D00B754AC /* JailSquare.swift in Sources */,
			);
			runOnlyForDeploymentPostprocessing = 0;
		};
/* End PBXSourcesBuildPhase section */

/* Begin XCBuildConfiguration section */
		3C55B86120C57C7C00427D5E /* Debug */ = {
			isa = XCBuildConfiguration;
			buildSettings = {
				ALWAYS_SEARCH_USER_PATHS = NO;
				CLANG_ANALYZER_NONNULL = YES;
				CLANG_ANALYZER_NUMBER_OBJECT_CONVERSION = YES_AGGRESSIVE;
				CLANG_CXX_LANGUAGE_STANDARD = "gnu++14";
				CLANG_CXX_LIBRARY = "libc++";
				CLANG_ENABLE_MODULES = YES;
				CLANG_ENABLE_OBJC_ARC = YES;
				CLANG_ENABLE_OBJC_WEAK = YES;
				CLANG_WARN_BLOCK_CAPTURE_AUTORELEASING = YES;
				CLANG_WARN_BOOL_CONVERSION = YES;
				CLANG_WARN_COMMA = YES;
				CLANG_WARN_CONSTANT_CONVERSION = YES;
				CLANG_WARN_DEPRECATED_OBJC_IMPLEMENTATIONS = YES;
				CLANG_WARN_DIRECT_OBJC_ISA_USAGE = YES_ERROR;
				CLANG_WARN_DOCUMENTATION_COMMENTS = YES;
				CLANG_WARN_EMPTY_BODY = YES;
				CLANG_WARN_ENUM_CONVERSION = YES;
				CLANG_WARN_INFINITE_RECURSION = YES;
				CLANG_WARN_INT_CONVERSION = YES;
				CLANG_WARN_NON_LITERAL_NULL_CONVERSION = YES;
				CLANG_WARN_OBJC_IMPLICIT_RETAIN_SELF = YES;
				CLANG_WARN_OBJC_LITERAL_CONVERSION = YES;
				CLANG_WARN_OBJC_ROOT_CLASS = YES_ERROR;
				CLANG_WARN_RANGE_LOOP_ANALYSIS = YES;
				CLANG_WARN_STRICT_PROTOTYPES = YES;
				CLANG_WARN_SUSPICIOUS_MOVE = YES;
				CLANG_WARN_UNGUARDED_AVAILABILITY = YES_AGGRESSIVE;
				CLANG_WARN_UNREACHABLE_CODE = YES;
				CLANG_WARN__DUPLICATE_METHOD_MATCH = YES;
				CODE_SIGN_IDENTITY = "-";
				COPY_PHASE_STRIP = NO;
				DEBUG_INFORMATION_FORMAT = dwarf;
				ENABLE_STRICT_OBJC_MSGSEND = YES;
				ENABLE_TESTABILITY = YES;
				GCC_C_LANGUAGE_STANDARD = gnu11;
				GCC_DYNAMIC_NO_PIC = NO;
				GCC_NO_COMMON_BLOCKS = YES;
				GCC_OPTIMIZATION_LEVEL = 0;
				GCC_PREPROCESSOR_DEFINITIONS = (
					"DEBUG=1",
					"$(inherited)",
				);
				GCC_WARN_64_TO_32_BIT_CONVERSION = YES;
				GCC_WARN_ABOUT_RETURN_TYPE = YES_ERROR;
				GCC_WARN_UNDECLARED_SELECTOR = YES;
				GCC_WARN_UNINITIALIZED_AUTOS = YES_AGGRESSIVE;
				GCC_WARN_UNUSED_FUNCTION = YES;
				GCC_WARN_UNUSED_VARIABLE = YES;
				MACOSX_DEPLOYMENT_TARGET = 10.13;
				MTL_ENABLE_DEBUG_INFO = YES;
				ONLY_ACTIVE_ARCH = YES;
				SDKROOT = macosx;
				SWIFT_ACTIVE_COMPILATION_CONDITIONS = DEBUG;
				SWIFT_OPTIMIZATION_LEVEL = "-Onone";
			};
			name = Debug;
		};
		3C55B86220C57C7C00427D5E /* Release */ = {
			isa = XCBuildConfiguration;
			buildSettings = {
				ALWAYS_SEARCH_USER_PATHS = NO;
				CLANG_ANALYZER_NONNULL = YES;
				CLANG_ANALYZER_NUMBER_OBJECT_CONVERSION = YES_AGGRESSIVE;
				CLANG_CXX_LANGUAGE_STANDARD = "gnu++14";
				CLANG_CXX_LIBRARY = "libc++";
				CLANG_ENABLE_MODULES = YES;
				CLANG_ENABLE_OBJC_ARC = YES;
				CLANG_ENABLE_OBJC_WEAK = YES;
				CLANG_WARN_BLOCK_CAPTURE_AUTORELEASING = YES;
				CLANG_WARN_BOOL_CONVERSION = YES;
				CLANG_WARN_COMMA = YES;
				CLANG_WARN_CONSTANT_CONVERSION = YES;
				CLANG_WARN_DEPRECATED_OBJC_IMPLEMENTATIONS = YES;
				CLANG_WARN_DIRECT_OBJC_ISA_USAGE = YES_ERROR;
				CLANG_WARN_DOCUMENTATION_COMMENTS = YES;
				CLANG_WARN_EMPTY_BODY = YES;
				CLANG_WARN_ENUM_CONVERSION = YES;
				CLANG_WARN_INFINITE_RECURSION = YES;
				CLANG_WARN_INT_CONVERSION = YES;
				CLANG_WARN_NON_LITERAL_NULL_CONVERSION = YES;
				CLANG_WARN_OBJC_IMPLICIT_RETAIN_SELF = YES;
				CLANG_WARN_OBJC_LITERAL_CONVERSION = YES;
				CLANG_WARN_OBJC_ROOT_CLASS = YES_ERROR;
				CLANG_WARN_RANGE_LOOP_ANALYSIS = YES;
				CLANG_WARN_STRICT_PROTOTYPES = YES;
				CLANG_WARN_SUSPICIOUS_MOVE = YES;
				CLANG_WARN_UNGUARDED_AVAILABILITY = YES_AGGRESSIVE;
				CLANG_WARN_UNREACHABLE_CODE = YES;
				CLANG_WARN__DUPLICATE_METHOD_MATCH = YES;
				CODE_SIGN_IDENTITY = "-";
				COPY_PHASE_STRIP = NO;
				DEBUG_INFORMATION_FORMAT = "dwarf-with-dsym";
				ENABLE_NS_ASSERTIONS = NO;
				ENABLE_STRICT_OBJC_MSGSEND = YES;
				GCC_C_LANGUAGE_STANDARD = gnu11;
				GCC_NO_COMMON_BLOCKS = YES;
				GCC_WARN_64_TO_32_BIT_CONVERSION = YES;
				GCC_WARN_ABOUT_RETURN_TYPE = YES_ERROR;
				GCC_WARN_UNDECLARED_SELECTOR = YES;
				GCC_WARN_UNINITIALIZED_AUTOS = YES_AGGRESSIVE;
				GCC_WARN_UNUSED_FUNCTION = YES;
				GCC_WARN_UNUSED_VARIABLE = YES;
				MACOSX_DEPLOYMENT_TARGET = 10.13;
				MTL_ENABLE_DEBUG_INFO = NO;
				SDKROOT = macosx;
				SWIFT_COMPILATION_MODE = wholemodule;
				SWIFT_OPTIMIZATION_LEVEL = "-O";
			};
			name = Release;
		};
		3C55B86420C57C7C00427D5E /* Debug */ = {
			isa = XCBuildConfiguration;
			buildSettings = {
				CODE_SIGN_STYLE = Automatic;
				PRODUCT_NAME = "$(TARGET_NAME)";
				SWIFT_VERSION = 4.0;
			};
			name = Debug;
		};
		3C55B86520C57C7C00427D5E /* Release */ = {
			isa = XCBuildConfiguration;
			buildSettings = {
				CODE_SIGN_STYLE = Automatic;
				PRODUCT_NAME = "$(TARGET_NAME)";
				SWIFT_VERSION = 4.0;
			};
			name = Release;
		};
/* End XCBuildConfiguration section */

/* Begin XCConfigurationList section */
		3C55B85720C57C7C00427D5E /* Build configuration list for PBXProject "Monopoly" */ = {
			isa = XCConfigurationList;
			buildConfigurations = (
				3C55B86120C57C7C00427D5E /* Debug */,
				3C55B86220C57C7C00427D5E /* Release */,
			);
			defaultConfigurationIsVisible = 0;
			defaultConfigurationName = Release;
		};
		3C55B86320C57C7C00427D5E /* Build configuration list for PBXNativeTarget "Monopoly" */ = {
			isa = XCConfigurationList;
			buildConfigurations = (
				3C55B86420C57C7C00427D5E /* Debug */,
				3C55B86520C57C7C00427D5E /* Release */,
			);
			defaultConfigurationIsVisible = 0;
			defaultConfigurationName = Release;
		};
/* End XCConfigurationList section */
	};
	rootObject = 3C55B85420C57C7C00427D5E /* Project object */;
}
